// !$*UTF8*$!
{
	archiveVersion = 1;
	classes = {
	};
	objectVersion = 50;
	objects = {

/* Begin PBXBuildFile section */
		F488CDD126BC403A00C5880E /* AppDelegate.swift in Sources */ = {isa = PBXBuildFile; fileRef = F488CDD026BC403A00C5880E /* AppDelegate.swift */; };
		F488CDDA26BC403D00C5880E /* Icons.xcassets in Resources */ = {isa = PBXBuildFile; fileRef = F488CDD926BC403D00C5880E /* Icons.xcassets */; };
		F488CDDD26BC403D00C5880E /* LaunchScreen.storyboard in Resources */ = {isa = PBXBuildFile; fileRef = F488CDDB26BC403D00C5880E /* LaunchScreen.storyboard */; };
		F488CDEB26BC42B500C5880E /* Colors.xcassets in Resources */ = {isa = PBXBuildFile; fileRef = F488CDEA26BC42B500C5880E /* Colors.xcassets */; };
/* End PBXBuildFile section */

/* Begin PBXFileReference section */
		F488CDCD26BC403A00C5880E /* GT-iOS-Task.app */ = {isa = PBXFileReference; explicitFileType = wrapper.application; includeInIndex = 0; path = "GT-iOS-Task.app"; sourceTree = BUILT_PRODUCTS_DIR; };
		F488CDD026BC403A00C5880E /* AppDelegate.swift */ = {isa = PBXFileReference; lastKnownFileType = sourcecode.swift; path = AppDelegate.swift; sourceTree = "<group>"; };
		F488CDD926BC403D00C5880E /* Icons.xcassets */ = {isa = PBXFileReference; lastKnownFileType = folder.assetcatalog; path = Icons.xcassets; sourceTree = "<group>"; };
		F488CDDC26BC403D00C5880E /* Base */ = {isa = PBXFileReference; lastKnownFileType = file.storyboard; name = Base; path = Base.lproj/LaunchScreen.storyboard; sourceTree = "<group>"; };
		F488CDDE26BC403D00C5880E /* Info.plist */ = {isa = PBXFileReference; lastKnownFileType = text.plist.xml; path = Info.plist; sourceTree = "<group>"; };
		F488CDEA26BC42B500C5880E /* Colors.xcassets */ = {isa = PBXFileReference; lastKnownFileType = folder.assetcatalog; path = Colors.xcassets; sourceTree = "<group>"; };
/* End PBXFileReference section */

/* Begin PBXFrameworksBuildPhase section */
		F488CDCA26BC403A00C5880E /* Frameworks */ = {
			isa = PBXFrameworksBuildPhase;
			buildActionMask = 2147483647;
			files = (
			);
			runOnlyForDeploymentPostprocessing = 0;
		};
/* End PBXFrameworksBuildPhase section */

/* Begin PBXGroup section */
		F488CDC426BC403A00C5880E = {
			isa = PBXGroup;
			children = (
				F488CDCF26BC403A00C5880E /* GT-iOS-Task */,
				F488CDCE26BC403A00C5880E /* Products */,
			);
			sourceTree = "<group>";
		};
		F488CDCE26BC403A00C5880E /* Products */ = {
			isa = PBXGroup;
			children = (
				F488CDCD26BC403A00C5880E /* GT-iOS-Task.app */,
			);
			name = Products;
			sourceTree = "<group>";
		};
		F488CDCF26BC403A00C5880E /* GT-iOS-Task */ = {
			isa = PBXGroup;
			children = (
				F488CDE926BC428C00C5880E /* Core */,
				F488CDE826BC428700C5880E /* Scenes */,
				F488CDE426BC414300C5880E /* Resources */,
				F488CDE526BC414D00C5880E /* Configurations */,
			);
			path = "GT-iOS-Task";
			sourceTree = "<group>";
		};
		F488CDE426BC414300C5880E /* Resources */ = {
			isa = PBXGroup;
			children = (
				F488CDE626BC41B000C5880E /* Application */,
				F488CDE726BC41BB00C5880E /* Assets */,
			);
			path = Resources;
			sourceTree = "<group>";
		};
		F488CDE526BC414D00C5880E /* Configurations */ = {
			isa = PBXGroup;
			children = (
				F488CDDE26BC403D00C5880E /* Info.plist */,
			);
			path = Configurations;
			sourceTree = "<group>";
		};
		F488CDE626BC41B000C5880E /* Application */ = {
			isa = PBXGroup;
			children = (
				F488CDD026BC403A00C5880E /* AppDelegate.swift */,
				F488CDDB26BC403D00C5880E /* LaunchScreen.storyboard */,
			);
			path = Application;
			sourceTree = "<group>";
		};
		F488CDE726BC41BB00C5880E /* Assets */ = {
			isa = PBXGroup;
			children = (
				F488CDD926BC403D00C5880E /* Icons.xcassets */,
				F488CDEA26BC42B500C5880E /* Colors.xcassets */,
			);
			path = Assets;
			sourceTree = "<group>";
		};
		F488CDE826BC428700C5880E /* Scenes */ = {
			isa = PBXGroup;
			children = (
			);
			path = Scenes;
			sourceTree = "<group>";
		};
		F488CDE926BC428C00C5880E /* Core */ = {
			isa = PBXGroup;
			children = (
			);
			path = Core;
			sourceTree = "<group>";
		};
/* End PBXGroup section */

/* Begin PBXNativeTarget section */
		F488CDCC26BC403A00C5880E /* GT-iOS-Task */ = {
			isa = PBXNativeTarget;
			buildConfigurationList = F488CDE126BC403D00C5880E /* Build configuration list for PBXNativeTarget "GT-iOS-Task" */;
			buildPhases = (
				F488CDC926BC403A00C5880E /* Sources */,
				F488CDCA26BC403A00C5880E /* Frameworks */,
				F488CDCB26BC403A00C5880E /* Resources */,
			);
			buildRules = (
			);
			dependencies = (
			);
			name = "GT-iOS-Task";
			productName = "GT-iOS-Task";
			productReference = F488CDCD26BC403A00C5880E /* GT-iOS-Task.app */;
			productType = "com.apple.product-type.application";
		};
/* End PBXNativeTarget section */

/* Begin PBXProject section */
		F488CDC526BC403A00C5880E /* Project object */ = {
			isa = PBXProject;
			attributes = {
				LastSwiftUpdateCheck = 1250;
				LastUpgradeCheck = 1250;
				TargetAttributes = {
					F488CDCC26BC403A00C5880E = {
						CreatedOnToolsVersion = 12.5;
					};
				};
			};
			buildConfigurationList = F488CDC826BC403A00C5880E /* Build configuration list for PBXProject "GT-iOS-Task" */;
			compatibilityVersion = "Xcode 9.3";
			developmentRegion = en;
			hasScannedForEncodings = 0;
			knownRegions = (
				en,
				Base,
			);
			mainGroup = F488CDC426BC403A00C5880E;
			productRefGroup = F488CDCE26BC403A00C5880E /* Products */;
			projectDirPath = "";
			projectRoot = "";
			targets = (
				F488CDCC26BC403A00C5880E /* GT-iOS-Task */,
			);
		};
/* End PBXProject section */

/* Begin PBXResourcesBuildPhase section */
		F488CDCB26BC403A00C5880E /* Resources */ = {
			isa = PBXResourcesBuildPhase;
			buildActionMask = 2147483647;
			files = (
				F488CDEB26BC42B500C5880E /* Colors.xcassets in Resources */,
				F488CDDD26BC403D00C5880E /* LaunchScreen.storyboard in Resources */,
				F488CDDA26BC403D00C5880E /* Icons.xcassets in Resources */,
			);
			runOnlyForDeploymentPostprocessing = 0;
		};
/* End PBXResourcesBuildPhase section */

/* Begin PBXSourcesBuildPhase section */
		F488CDC926BC403A00C5880E /* Sources */ = {
			isa = PBXSourcesBuildPhase;
			buildActionMask = 2147483647;
			files = (
				F488CDD126BC403A00C5880E /* AppDelegate.swift in Sources */,
			);
			runOnlyForDeploymentPostprocessing = 0;
		};
/* End PBXSourcesBuildPhase section */

/* Begin PBXVariantGroup section */
		F488CDDB26BC403D00C5880E /* LaunchScreen.storyboard */ = {
			isa = PBXVariantGroup;
			children = (
				F488CDDC26BC403D00C5880E /* Base */,
			);
			name = LaunchScreen.storyboard;
			sourceTree = "<group>";
		};
/* End PBXVariantGroup section */

/* Begin XCBuildConfiguration section */
		F488CDDF26BC403D00C5880E /* Debug */ = {
			isa = XCBuildConfiguration;
			buildSettings = {
				ALWAYS_SEARCH_USER_PATHS = NO;
				CLANG_ANALYZER_NONNULL = YES;
				CLANG_ANALYZER_NUMBER_OBJECT_CONVERSION = YES_AGGRESSIVE;
				CLANG_CXX_LANGUAGE_STANDARD = "gnu++14";
				CLANG_CXX_LIBRARY = "libc++";
				CLANG_ENABLE_MODULES = YES;
				CLANG_ENABLE_OBJC_ARC = YES;
				CLANG_ENABLE_OBJC_WEAK = YES;
				CLANG_WARN_BLOCK_CAPTURE_AUTORELEASING = YES;
				CLANG_WARN_BOOL_CONVERSION = YES;
				CLANG_WARN_COMMA = YES;
				CLANG_WARN_CONSTANT_CONVERSION = YES;
				CLANG_WARN_DEPRECATED_OBJC_IMPLEMENTATIONS = YES;
				CLANG_WARN_DIRECT_OBJC_ISA_USAGE = YES_ERROR;
				CLANG_WARN_DOCUMENTATION_COMMENTS = YES;
				CLANG_WARN_EMPTY_BODY = YES;
				CLANG_WARN_ENUM_CONVERSION = YES;
				CLANG_WARN_INFINITE_RECURSION = YES;
				CLANG_WARN_INT_CONVERSION = YES;
				CLANG_WARN_NON_LITERAL_NULL_CONVERSION = YES;
				CLANG_WARN_OBJC_IMPLICIT_RETAIN_SELF = YES;
				CLANG_WARN_OBJC_LITERAL_CONVERSION = YES;
				CLANG_WARN_OBJC_ROOT_CLASS = YES_ERROR;
				CLANG_WARN_QUOTED_INCLUDE_IN_FRAMEWORK_HEADER = YES;
				CLANG_WARN_RANGE_LOOP_ANALYSIS = YES;
				CLANG_WARN_STRICT_PROTOTYPES = YES;
				CLANG_WARN_SUSPICIOUS_MOVE = YES;
				CLANG_WARN_UNGUARDED_AVAILABILITY = YES_AGGRESSIVE;
				CLANG_WARN_UNREACHABLE_CODE = YES;
				CLANG_WARN__DUPLICATE_METHOD_MATCH = YES;
				COPY_PHASE_STRIP = NO;
				DEBUG_INFORMATION_FORMAT = dwarf;
				ENABLE_STRICT_OBJC_MSGSEND = YES;
				ENABLE_TESTABILITY = YES;
				GCC_C_LANGUAGE_STANDARD = gnu11;
				GCC_DYNAMIC_NO_PIC = NO;
				GCC_NO_COMMON_BLOCKS = YES;
				GCC_OPTIMIZATION_LEVEL = 0;
				GCC_PREPROCESSOR_DEFINITIONS = (
					"DEBUG=1",
					"$(inherited)",
				);
				GCC_WARN_64_TO_32_BIT_CONVERSION = YES;
				GCC_WARN_ABOUT_RETURN_TYPE = YES_ERROR;
				GCC_WARN_UNDECLARED_SELECTOR = YES;
				GCC_WARN_UNINITIALIZED_AUTOS = YES_AGGRESSIVE;
				GCC_WARN_UNUSED_FUNCTION = YES;
				GCC_WARN_UNUSED_VARIABLE = YES;
				IPHONEOS_DEPLOYMENT_TARGET = 14.5;
				MTL_ENABLE_DEBUG_INFO = INCLUDE_SOURCE;
				MTL_FAST_MATH = YES;
				ONLY_ACTIVE_ARCH = YES;
				SDKROOT = iphoneos;
				SWIFT_ACTIVE_COMPILATION_CONDITIONS = DEBUG;
				SWIFT_OPTIMIZATION_LEVEL = "-Onone";
			};
			name = Debug;
		};
		F488CDE026BC403D00C5880E /* Release */ = {
			isa = XCBuildConfiguration;
			buildSettings = {
				ALWAYS_SEARCH_USER_PATHS = NO;
				CLANG_ANALYZER_NONNULL = YES;
				CLANG_ANALYZER_NUMBER_OBJECT_CONVERSION = YES_AGGRESSIVE;
				CLANG_CXX_LANGUAGE_STANDARD = "gnu++14";
				CLANG_CXX_LIBRARY = "libc++";
				CLANG_ENABLE_MODULES = YES;
				CLANG_ENABLE_OBJC_ARC = YES;
				CLANG_ENABLE_OBJC_WEAK = YES;
				CLANG_WARN_BLOCK_CAPTURE_AUTORELEASING = YES;
				CLANG_WARN_BOOL_CONVERSION = YES;
				CLANG_WARN_COMMA = YES;
				CLANG_WARN_CONSTANT_CONVERSION = YES;
				CLANG_WARN_DEPRECATED_OBJC_IMPLEMENTATIONS = YES;
				CLANG_WARN_DIRECT_OBJC_ISA_USAGE = YES_ERROR;
				CLANG_WARN_DOCUMENTATION_COMMENTS = YES;
				CLANG_WARN_EMPTY_BODY = YES;
				CLANG_WARN_ENUM_CONVERSION = YES;
				CLANG_WARN_INFINITE_RECURSION = YES;
				CLANG_WARN_INT_CONVERSION = YES;
				CLANG_WARN_NON_LITERAL_NULL_CONVERSION = YES;
				CLANG_WARN_OBJC_IMPLICIT_RETAIN_SELF = YES;
				CLANG_WARN_OBJC_LITERAL_CONVERSION = YES;
				CLANG_WARN_OBJC_ROOT_CLASS = YES_ERROR;
				CLANG_WARN_QUOTED_INCLUDE_IN_FRAMEWORK_HEADER = YES;
				CLANG_WARN_RANGE_LOOP_ANALYSIS = YES;
				CLANG_WARN_STRICT_PROTOTYPES = YES;
				CLANG_WARN_SUSPICIOUS_MOVE = YES;
				CLANG_WARN_UNGUARDED_AVAILABILITY = YES_AGGRESSIVE;
				CLANG_WARN_UNREACHABLE_CODE = YES;
				CLANG_WARN__DUPLICATE_METHOD_MATCH = YES;
				COPY_PHASE_STRIP = NO;
				DEBUG_INFORMATION_FORMAT = "dwarf-with-dsym";
				ENABLE_NS_ASSERTIONS = NO;
				ENABLE_STRICT_OBJC_MSGSEND = YES;
				GCC_C_LANGUAGE_STANDARD = gnu11;
				GCC_NO_COMMON_BLOCKS = YES;
				GCC_WARN_64_TO_32_BIT_CONVERSION = YES;
				GCC_WARN_ABOUT_RETURN_TYPE = YES_ERROR;
				GCC_WARN_UNDECLARED_SELECTOR = YES;
				GCC_WARN_UNINITIALIZED_AUTOS = YES_AGGRESSIVE;
				GCC_WARN_UNUSED_FUNCTION = YES;
				GCC_WARN_UNUSED_VARIABLE = YES;
				IPHONEOS_DEPLOYMENT_TARGET = 14.5;
				MTL_ENABLE_DEBUG_INFO = NO;
				MTL_FAST_MATH = YES;
				SDKROOT = iphoneos;
				SWIFT_COMPILATION_MODE = wholemodule;
				SWIFT_OPTIMIZATION_LEVEL = "-O";
				VALIDATE_PRODUCT = YES;
			};
			name = Release;
		};
		F488CDE226BC403D00C5880E /* Debug */ = {
			isa = XCBuildConfiguration;
			buildSettings = {
				ASSETCATALOG_COMPILER_APPICON_NAME = AppIcon;
				ASSETCATALOG_COMPILER_GLOBAL_ACCENT_COLOR_NAME = AccentColor;
				CODE_SIGN_STYLE = Automatic;
				DEVELOPMENT_TEAM = PU8FM4JDVA;
				INFOPLIST_FILE = "GT-iOS-Task/Configurations/Info.plist";
				LD_RUNPATH_SEARCH_PATHS = (
					"$(inherited)",
					"@executable_path/Frameworks",
				);
				PRODUCT_BUNDLE_IDENTIFIER = "abdelrhmankamaleliwa.GT-iOS-Task";
				PRODUCT_NAME = "$(TARGET_NAME)";
				SWIFT_VERSION = 5.0;
				TARGETED_DEVICE_FAMILY = 1;
			};
			name = Debug;
		};
		F488CDE326BC403D00C5880E /* Release */ = {
			isa = XCBuildConfiguration;
			buildSettings = {
				ASSETCATALOG_COMPILER_APPICON_NAME = AppIcon;
				ASSETCATALOG_COMPILER_GLOBAL_ACCENT_COLOR_NAME = AccentColor;
				CODE_SIGN_STYLE = Automatic;
				DEVELOPMENT_TEAM = PU8FM4JDVA;
				INFOPLIST_FILE = "GT-iOS-Task/Configurations/Info.plist";
				LD_RUNPATH_SEARCH_PATHS = (
					"$(inherited)",
					"@executable_path/Frameworks",
				);
				PRODUCT_BUNDLE_IDENTIFIER = "abdelrhmankamaleliwa.GT-iOS-Task";
				PRODUCT_NAME = "$(TARGET_NAME)";
				SWIFT_VERSION = 5.0;
				TARGETED_DEVICE_FAMILY = 1;
			};
			name = Release;
		};
/* End XCBuildConfiguration section */

/* Begin XCConfigurationList section */
		F488CDC826BC403A00C5880E /* Build configuration list for PBXProject "GT-iOS-Task" */ = {
			isa = XCConfigurationList;
			buildConfigurations = (
				F488CDDF26BC403D00C5880E /* Debug */,
				F488CDE026BC403D00C5880E /* Release */,
			);
			defaultConfigurationIsVisible = 0;
			defaultConfigurationName = Release;
		};
		F488CDE126BC403D00C5880E /* Build configuration list for PBXNativeTarget "GT-iOS-Task" */ = {
			isa = XCConfigurationList;
			buildConfigurations = (
				F488CDE226BC403D00C5880E /* Debug */,
				F488CDE326BC403D00C5880E /* Release */,
			);
			defaultConfigurationIsVisible = 0;
			defaultConfigurationName = Release;
		};
/* End XCConfigurationList section */
	};
	rootObject = F488CDC526BC403A00C5880E /* Project object */;
}
